// !$*UTF8*$!
{
	archiveVersion = 1;
	classes = {
	};
	objectVersion = 51;
	objects = {

/* Begin PBXBuildFile section */
		184E4262E134564057B48428 /* Pods_ParstagramTests.framework in Frameworks */ = {isa = PBXBuildFile; fileRef = FF115259A2BFB12784885901 /* Pods_ParstagramTests.framework */; };
		5490135E7DF73CF518A22342 /* Pods_Parstagram.framework in Frameworks */ = {isa = PBXBuildFile; fileRef = 61420668E719E26FD52D7C37 /* Pods_Parstagram.framework */; };
		6538F9C1255D603522024C44 /* Pods_Parstagram_ParstagramUITests.framework in Frameworks */ = {isa = PBXBuildFile; fileRef = AD522883CC1AD5C32953CAED /* Pods_Parstagram_ParstagramUITests.framework */; };
		EA442B79260EE03800DBD473 /* CommentCell.swift in Sources */ = {isa = PBXBuildFile; fileRef = EA442B78260EE03800DBD473 /* CommentCell.swift */; };
		EA4B2A672605696A0068C080 /* AppDelegate.swift in Sources */ = {isa = PBXBuildFile; fileRef = EA4B2A662605696A0068C080 /* AppDelegate.swift */; };
		EA4B2A692605696A0068C080 /* SceneDelegate.swift in Sources */ = {isa = PBXBuildFile; fileRef = EA4B2A682605696A0068C080 /* SceneDelegate.swift */; };
		EA4B2A6E2605696A0068C080 /* Main.storyboard in Resources */ = {isa = PBXBuildFile; fileRef = EA4B2A6C2605696A0068C080 /* Main.storyboard */; };
		EA4B2A702605696C0068C080 /* Assets.xcassets in Resources */ = {isa = PBXBuildFile; fileRef = EA4B2A6F2605696C0068C080 /* Assets.xcassets */; };
		EA4B2A732605696C0068C080 /* LaunchScreen.storyboard in Resources */ = {isa = PBXBuildFile; fileRef = EA4B2A712605696C0068C080 /* LaunchScreen.storyboard */; };
		EA4B2A7E2605696C0068C080 /* ParstagramTests.swift in Sources */ = {isa = PBXBuildFile; fileRef = EA4B2A7D2605696C0068C080 /* ParstagramTests.swift */; };
		EA4B2A892605696C0068C080 /* ParstagramUITests.swift in Sources */ = {isa = PBXBuildFile; fileRef = EA4B2A882605696C0068C080 /* ParstagramUITests.swift */; };
		EA4B2AA626057B440068C080 /* LoginViewController.swift in Sources */ = {isa = PBXBuildFile; fileRef = EA4B2AA526057B440068C080 /* LoginViewController.swift */; };
		EA4B2AAB26057BD90068C080 /* FeedViewController.swift in Sources */ = {isa = PBXBuildFile; fileRef = EA4B2AAA26057BD90068C080 /* FeedViewController.swift */; };
		EA4B2AB0260589F60068C080 /* CameraViewController.swift in Sources */ = {isa = PBXBuildFile; fileRef = EA4B2AAF260589F60068C080 /* CameraViewController.swift */; };
		EA4B2AC02605AA9D0068C080 /* PostCell.swift in Sources */ = {isa = PBXBuildFile; fileRef = EA4B2ABF2605AA9D0068C080 /* PostCell.swift */; };
/* End PBXBuildFile section */

/* Begin PBXContainerItemProxy section */
		EA4B2A7A2605696C0068C080 /* PBXContainerItemProxy */ = {
			isa = PBXContainerItemProxy;
			containerPortal = EA4B2A5B2605696A0068C080 /* Project object */;
			proxyType = 1;
			remoteGlobalIDString = EA4B2A622605696A0068C080;
			remoteInfo = Parstagram;
		};
		EA4B2A852605696C0068C080 /* PBXContainerItemProxy */ = {
			isa = PBXContainerItemProxy;
			containerPortal = EA4B2A5B2605696A0068C080 /* Project object */;
			proxyType = 1;
			remoteGlobalIDString = EA4B2A622605696A0068C080;
			remoteInfo = Parstagram;
		};
/* End PBXContainerItemProxy section */

/* Begin PBXFileReference section */
		61420668E719E26FD52D7C37 /* Pods_Parstagram.framework */ = {isa = PBXFileReference; explicitFileType = wrapper.framework; includeInIndex = 0; path = Pods_Parstagram.framework; sourceTree = BUILT_PRODUCTS_DIR; };
		6D044208861168E20747E632 /* Pods-ParstagramTests.release.xcconfig */ = {isa = PBXFileReference; includeInIndex = 1; lastKnownFileType = text.xcconfig; name = "Pods-ParstagramTests.release.xcconfig"; path = "Target Support Files/Pods-ParstagramTests/Pods-ParstagramTests.release.xcconfig"; sourceTree = "<group>"; };
		ABB92741D553083564580F98 /* Pods-Parstagram-ParstagramUITests.release.xcconfig */ = {isa = PBXFileReference; includeInIndex = 1; lastKnownFileType = text.xcconfig; name = "Pods-Parstagram-ParstagramUITests.release.xcconfig"; path = "Target Support Files/Pods-Parstagram-ParstagramUITests/Pods-Parstagram-ParstagramUITests.release.xcconfig"; sourceTree = "<group>"; };
		AD522883CC1AD5C32953CAED /* Pods_Parstagram_ParstagramUITests.framework */ = {isa = PBXFileReference; explicitFileType = wrapper.framework; includeInIndex = 0; path = Pods_Parstagram_ParstagramUITests.framework; sourceTree = BUILT_PRODUCTS_DIR; };
		B7AD1969534DFB10BE090555 /* Pods-Parstagram.debug.xcconfig */ = {isa = PBXFileReference; includeInIndex = 1; lastKnownFileType = text.xcconfig; name = "Pods-Parstagram.debug.xcconfig"; path = "Target Support Files/Pods-Parstagram/Pods-Parstagram.debug.xcconfig"; sourceTree = "<group>"; };
		CC83854A178165F461AF0A3F /* Pods-ParstagramTests.debug.xcconfig */ = {isa = PBXFileReference; includeInIndex = 1; lastKnownFileType = text.xcconfig; name = "Pods-ParstagramTests.debug.xcconfig"; path = "Target Support Files/Pods-ParstagramTests/Pods-ParstagramTests.debug.xcconfig"; sourceTree = "<group>"; };
		EA442B78260EE03800DBD473 /* CommentCell.swift */ = {isa = PBXFileReference; lastKnownFileType = sourcecode.swift; path = CommentCell.swift; sourceTree = "<group>"; };
		EA4B2A632605696A0068C080 /* Parstagram.app */ = {isa = PBXFileReference; explicitFileType = wrapper.application; includeInIndex = 0; path = Parstagram.app; sourceTree = BUILT_PRODUCTS_DIR; };
		EA4B2A662605696A0068C080 /* AppDelegate.swift */ = {isa = PBXFileReference; lastKnownFileType = sourcecode.swift; path = AppDelegate.swift; sourceTree = "<group>"; };
		EA4B2A682605696A0068C080 /* SceneDelegate.swift */ = {isa = PBXFileReference; lastKnownFileType = sourcecode.swift; path = SceneDelegate.swift; sourceTree = "<group>"; };
		EA4B2A6D2605696A0068C080 /* Base */ = {isa = PBXFileReference; lastKnownFileType = file.storyboard; name = Base; path = Base.lproj/Main.storyboard; sourceTree = "<group>"; };
		EA4B2A6F2605696C0068C080 /* Assets.xcassets */ = {isa = PBXFileReference; lastKnownFileType = folder.assetcatalog; path = Assets.xcassets; sourceTree = "<group>"; };
		EA4B2A722605696C0068C080 /* Base */ = {isa = PBXFileReference; lastKnownFileType = file.storyboard; name = Base; path = Base.lproj/LaunchScreen.storyboard; sourceTree = "<group>"; };
		EA4B2A742605696C0068C080 /* Info.plist */ = {isa = PBXFileReference; lastKnownFileType = text.plist.xml; path = Info.plist; sourceTree = "<group>"; };
		EA4B2A792605696C0068C080 /* ParstagramTests.xctest */ = {isa = PBXFileReference; explicitFileType = wrapper.cfbundle; includeInIndex = 0; path = ParstagramTests.xctest; sourceTree = BUILT_PRODUCTS_DIR; };
		EA4B2A7D2605696C0068C080 /* ParstagramTests.swift */ = {isa = PBXFileReference; lastKnownFileType = sourcecode.swift; path = ParstagramTests.swift; sourceTree = "<group>"; };
		EA4B2A7F2605696C0068C080 /* Info.plist */ = {isa = PBXFileReference; lastKnownFileType = text.plist.xml; path = Info.plist; sourceTree = "<group>"; };
		EA4B2A842605696C0068C080 /* ParstagramUITests.xctest */ = {isa = PBXFileReference; explicitFileType = wrapper.cfbundle; includeInIndex = 0; path = ParstagramUITests.xctest; sourceTree = BUILT_PRODUCTS_DIR; };
		EA4B2A882605696C0068C080 /* ParstagramUITests.swift */ = {isa = PBXFileReference; lastKnownFileType = sourcecode.swift; path = ParstagramUITests.swift; sourceTree = "<group>"; };
		EA4B2A8A2605696C0068C080 /* Info.plist */ = {isa = PBXFileReference; lastKnownFileType = text.plist.xml; path = Info.plist; sourceTree = "<group>"; };
		EA4B2AA526057B440068C080 /* LoginViewController.swift */ = {isa = PBXFileReference; lastKnownFileType = sourcecode.swift; path = LoginViewController.swift; sourceTree = "<group>"; };
		EA4B2AAA26057BD90068C080 /* FeedViewController.swift */ = {isa = PBXFileReference; lastKnownFileType = sourcecode.swift; path = FeedViewController.swift; sourceTree = "<group>"; };
		EA4B2AAF260589F60068C080 /* CameraViewController.swift */ = {isa = PBXFileReference; lastKnownFileType = sourcecode.swift; path = CameraViewController.swift; sourceTree = "<group>"; };
		EA4B2ABF2605AA9D0068C080 /* PostCell.swift */ = {isa = PBXFileReference; lastKnownFileType = sourcecode.swift; path = PostCell.swift; sourceTree = "<group>"; };
		F10FE1660D7E785539395E72 /* Pods-Parstagram.release.xcconfig */ = {isa = PBXFileReference; includeInIndex = 1; lastKnownFileType = text.xcconfig; name = "Pods-Parstagram.release.xcconfig"; path = "Target Support Files/Pods-Parstagram/Pods-Parstagram.release.xcconfig"; sourceTree = "<group>"; };
		FF115259A2BFB12784885901 /* Pods_ParstagramTests.framework */ = {isa = PBXFileReference; explicitFileType = wrapper.framework; includeInIndex = 0; path = Pods_ParstagramTests.framework; sourceTree = BUILT_PRODUCTS_DIR; };
		FF2DD54CF03804E024045987 /* Pods-Parstagram-ParstagramUITests.debug.xcconfig */ = {isa = PBXFileReference; includeInIndex = 1; lastKnownFileType = text.xcconfig; name = "Pods-Parstagram-ParstagramUITests.debug.xcconfig"; path = "Target Support Files/Pods-Parstagram-ParstagramUITests/Pods-Parstagram-ParstagramUITests.debug.xcconfig"; sourceTree = "<group>"; };
/* End PBXFileReference section */

/* Begin PBXFrameworksBuildPhase section */
		EA4B2A602605696A0068C080 /* Frameworks */ = {
			isa = PBXFrameworksBuildPhase;
			buildActionMask = 2147483647;
			files = (
				5490135E7DF73CF518A22342 /* Pods_Parstagram.framework in Frameworks */,
			);
			runOnlyForDeploymentPostprocessing = 0;
		};
		EA4B2A762605696C0068C080 /* Frameworks */ = {
			isa = PBXFrameworksBuildPhase;
			buildActionMask = 2147483647;
			files = (
				184E4262E134564057B48428 /* Pods_ParstagramTests.framework in Frameworks */,
			);
			runOnlyForDeploymentPostprocessing = 0;
		};
		EA4B2A812605696C0068C080 /* Frameworks */ = {
			isa = PBXFrameworksBuildPhase;
			buildActionMask = 2147483647;
			files = (
				6538F9C1255D603522024C44 /* Pods_Parstagram_ParstagramUITests.framework in Frameworks */,
			);
			runOnlyForDeploymentPostprocessing = 0;
		};
/* End PBXFrameworksBuildPhase section */

/* Begin PBXGroup section */
		89C521E65FA75D7B7E123012 /* Pods */ = {
			isa = PBXGroup;
			children = (
				B7AD1969534DFB10BE090555 /* Pods-Parstagram.debug.xcconfig */,
				F10FE1660D7E785539395E72 /* Pods-Parstagram.release.xcconfig */,
				FF2DD54CF03804E024045987 /* Pods-Parstagram-ParstagramUITests.debug.xcconfig */,
				ABB92741D553083564580F98 /* Pods-Parstagram-ParstagramUITests.release.xcconfig */,
				CC83854A178165F461AF0A3F /* Pods-ParstagramTests.debug.xcconfig */,
				6D044208861168E20747E632 /* Pods-ParstagramTests.release.xcconfig */,
			);
			path = Pods;
			sourceTree = "<group>";
		};
		B163ED469C32A0B2787F931E /* Frameworks */ = {
			isa = PBXGroup;
			children = (
				61420668E719E26FD52D7C37 /* Pods_Parstagram.framework */,
				AD522883CC1AD5C32953CAED /* Pods_Parstagram_ParstagramUITests.framework */,
				FF115259A2BFB12784885901 /* Pods_ParstagramTests.framework */,
			);
			name = Frameworks;
			sourceTree = "<group>";
		};
		EA4B2A5A2605696A0068C080 = {
			isa = PBXGroup;
			children = (
				EA4B2A652605696A0068C080 /* Parstagram */,
				EA4B2A7C2605696C0068C080 /* ParstagramTests */,
				EA4B2A872605696C0068C080 /* ParstagramUITests */,
				EA4B2A642605696A0068C080 /* Products */,
				89C521E65FA75D7B7E123012 /* Pods */,
				B163ED469C32A0B2787F931E /* Frameworks */,
			);
			sourceTree = "<group>";
		};
		EA4B2A642605696A0068C080 /* Products */ = {
			isa = PBXGroup;
			children = (
				EA4B2A632605696A0068C080 /* Parstagram.app */,
				EA4B2A792605696C0068C080 /* ParstagramTests.xctest */,
				EA4B2A842605696C0068C080 /* ParstagramUITests.xctest */,
			);
			name = Products;
			sourceTree = "<group>";
		};
		EA4B2A652605696A0068C080 /* Parstagram */ = {
			isa = PBXGroup;
			children = (
				EA4B2A662605696A0068C080 /* AppDelegate.swift */,
				EA4B2A682605696A0068C080 /* SceneDelegate.swift */,
				EA4B2A6C2605696A0068C080 /* Main.storyboard */,
				EA4B2A6F2605696C0068C080 /* Assets.xcassets */,
				EA4B2A712605696C0068C080 /* LaunchScreen.storyboard */,
				EA4B2A742605696C0068C080 /* Info.plist */,
				EA4B2AA526057B440068C080 /* LoginViewController.swift */,
				EA4B2AAA26057BD90068C080 /* FeedViewController.swift */,
				EA4B2AAF260589F60068C080 /* CameraViewController.swift */,
				EA4B2ABF2605AA9D0068C080 /* PostCell.swift */,
				EA442B78260EE03800DBD473 /* CommentCell.swift */,
			);
			path = Parstagram;
			sourceTree = "<group>";
		};
		EA4B2A7C2605696C0068C080 /* ParstagramTests */ = {
			isa = PBXGroup;
			children = (
				EA4B2A7D2605696C0068C080 /* ParstagramTests.swift */,
				EA4B2A7F2605696C0068C080 /* Info.plist */,
			);
			path = ParstagramTests;
			sourceTree = "<group>";
		};
		EA4B2A872605696C0068C080 /* ParstagramUITests */ = {
			isa = PBXGroup;
			children = (
				EA4B2A882605696C0068C080 /* ParstagramUITests.swift */,
				EA4B2A8A2605696C0068C080 /* Info.plist */,
			);
			path = ParstagramUITests;
			sourceTree = "<group>";
		};
/* End PBXGroup section */

/* Begin PBXNativeTarget section */
		EA4B2A622605696A0068C080 /* Parstagram */ = {
			isa = PBXNativeTarget;
			buildConfigurationList = EA4B2A8D2605696C0068C080 /* Build configuration list for PBXNativeTarget "Parstagram" */;
			buildPhases = (
				17DE9BC3E24828CC7E4D60C2 /* [CP] Check Pods Manifest.lock */,
				EA4B2A5F2605696A0068C080 /* Sources */,
				EA4B2A602605696A0068C080 /* Frameworks */,
				EA4B2A612605696A0068C080 /* Resources */,
				EF1D55F404EFDFEE9114D28F /* [CP] Embed Pods Frameworks */,
			);
			buildRules = (
			);
			dependencies = (
			);
			name = Parstagram;
			productName = Parstagram;
			productReference = EA4B2A632605696A0068C080 /* Parstagram.app */;
			productType = "com.apple.product-type.application";
		};
		EA4B2A782605696C0068C080 /* ParstagramTests */ = {
			isa = PBXNativeTarget;
			buildConfigurationList = EA4B2A902605696C0068C080 /* Build configuration list for PBXNativeTarget "ParstagramTests" */;
			buildPhases = (
				A33AAB2D368FF1DBA6FFF345 /* [CP] Check Pods Manifest.lock */,
				EA4B2A752605696C0068C080 /* Sources */,
				EA4B2A762605696C0068C080 /* Frameworks */,
				EA4B2A772605696C0068C080 /* Resources */,
			);
			buildRules = (
			);
			dependencies = (
				EA4B2A7B2605696C0068C080 /* PBXTargetDependency */,
			);
			name = ParstagramTests;
			productName = ParstagramTests;
			productReference = EA4B2A792605696C0068C080 /* ParstagramTests.xctest */;
			productType = "com.apple.product-type.bundle.unit-test";
		};
		EA4B2A832605696C0068C080 /* ParstagramUITests */ = {
			isa = PBXNativeTarget;
			buildConfigurationList = EA4B2A932605696C0068C080 /* Build configuration list for PBXNativeTarget "ParstagramUITests" */;
			buildPhases = (
				CCF6DB7C5C64AD9CFA43A878 /* [CP] Check Pods Manifest.lock */,
				EA4B2A802605696C0068C080 /* Sources */,
				EA4B2A812605696C0068C080 /* Frameworks */,
				EA4B2A822605696C0068C080 /* Resources */,
				BD96238E5D033A1B79E5ADC1 /* [CP] Embed Pods Frameworks */,
			);
			buildRules = (
			);
			dependencies = (
				EA4B2A862605696C0068C080 /* PBXTargetDependency */,
			);
			name = ParstagramUITests;
			productName = ParstagramUITests;
			productReference = EA4B2A842605696C0068C080 /* ParstagramUITests.xctest */;
			productType = "com.apple.product-type.bundle.ui-testing";
		};
/* End PBXNativeTarget section */

/* Begin PBXProject section */
		EA4B2A5B2605696A0068C080 /* Project object */ = {
			isa = PBXProject;
			attributes = {
				LastSwiftUpdateCheck = 1230;
				LastUpgradeCheck = 1230;
				TargetAttributes = {
					EA4B2A622605696A0068C080 = {
						CreatedOnToolsVersion = 12.3;
					};
					EA4B2A782605696C0068C080 = {
						CreatedOnToolsVersion = 12.3;
						TestTargetID = EA4B2A622605696A0068C080;
					};
					EA4B2A832605696C0068C080 = {
						CreatedOnToolsVersion = 12.3;
						TestTargetID = EA4B2A622605696A0068C080;
					};
				};
			};
			buildConfigurationList = EA4B2A5E2605696A0068C080 /* Build configuration list for PBXProject "Parstagram" */;
			compatibilityVersion = "Xcode 9.3";
			developmentRegion = en;
			hasScannedForEncodings = 0;
			knownRegions = (
				en,
				Base,
			);
			mainGroup = EA4B2A5A2605696A0068C080;
			productRefGroup = EA4B2A642605696A0068C080 /* Products */;
			projectDirPath = "";
			projectRoot = "";
			targets = (
				EA4B2A622605696A0068C080 /* Parstagram */,
				EA4B2A782605696C0068C080 /* ParstagramTests */,
				EA4B2A832605696C0068C080 /* ParstagramUITests */,
			);
		};
/* End PBXProject section */

/* Begin PBXResourcesBuildPhase section */
		EA4B2A612605696A0068C080 /* Resources */ = {
			isa = PBXResourcesBuildPhase;
			buildActionMask = 2147483647;
			files = (
				EA4B2A732605696C0068C080 /* LaunchScreen.storyboard in Resources */,
				EA4B2A702605696C0068C080 /* Assets.xcassets in Resources */,
				EA4B2A6E2605696A0068C080 /* Main.storyboard in Resources */,
			);
			runOnlyForDeploymentPostprocessing = 0;
		};
		EA4B2A772605696C0068C080 /* Resources */ = {
			isa = PBXResourcesBuildPhase;
			buildActionMask = 2147483647;
			files = (
			);
			runOnlyForDeploymentPostprocessing = 0;
		};
		EA4B2A822605696C0068C080 /* Resources */ = {
			isa = PBXResourcesBuildPhase;
			buildActionMask = 2147483647;
			files = (
			);
			runOnlyForDeploymentPostprocessing = 0;
		};
/* End PBXResourcesBuildPhase section */

/* Begin PBXShellScriptBuildPhase section */
		17DE9BC3E24828CC7E4D60C2 /* [CP] Check Pods Manifest.lock */ = {
			isa = PBXShellScriptBuildPhase;
			buildActionMask = 2147483647;
			files = (
			);
			inputFileListPaths = (
			);
			inputPaths = (
				"${PODS_PODFILE_DIR_PATH}/Podfile.lock",
				"${PODS_ROOT}/Manifest.lock",
			);
			name = "[CP] Check Pods Manifest.lock";
			outputFileListPaths = (
			);
			outputPaths = (
				"$(DERIVED_FILE_DIR)/Pods-Parstagram-checkManifestLockResult.txt",
			);
			runOnlyForDeploymentPostprocessing = 0;
			shellPath = /bin/sh;
			shellScript = "diff \"${PODS_PODFILE_DIR_PATH}/Podfile.lock\" \"${PODS_ROOT}/Manifest.lock\" > /dev/null\nif [ $? != 0 ] ; then\n    # print error to STDERR\n    echo \"error: The sandbox is not in sync with the Podfile.lock. Run 'pod install' or update your CocoaPods installation.\" >&2\n    exit 1\nfi\n# This output is used by Xcode 'outputs' to avoid re-running this script phase.\necho \"SUCCESS\" > \"${SCRIPT_OUTPUT_FILE_0}\"\n";
			showEnvVarsInLog = 0;
		};
		A33AAB2D368FF1DBA6FFF345 /* [CP] Check Pods Manifest.lock */ = {
			isa = PBXShellScriptBuildPhase;
			buildActionMask = 2147483647;
			files = (
			);
			inputFileListPaths = (
			);
			inputPaths = (
				"${PODS_PODFILE_DIR_PATH}/Podfile.lock",
				"${PODS_ROOT}/Manifest.lock",
			);
			name = "[CP] Check Pods Manifest.lock";
			outputFileListPaths = (
			);
			outputPaths = (
				"$(DERIVED_FILE_DIR)/Pods-ParstagramTests-checkManifestLockResult.txt",
			);
			runOnlyForDeploymentPostprocessing = 0;
			shellPath = /bin/sh;
			shellScript = "diff \"${PODS_PODFILE_DIR_PATH}/Podfile.lock\" \"${PODS_ROOT}/Manifest.lock\" > /dev/null\nif [ $? != 0 ] ; then\n    # print error to STDERR\n    echo \"error: The sandbox is not in sync with the Podfile.lock. Run 'pod install' or update your CocoaPods installation.\" >&2\n    exit 1\nfi\n# This output is used by Xcode 'outputs' to avoid re-running this script phase.\necho \"SUCCESS\" > \"${SCRIPT_OUTPUT_FILE_0}\"\n";
			showEnvVarsInLog = 0;
		};
		BD96238E5D033A1B79E5ADC1 /* [CP] Embed Pods Frameworks */ = {
			isa = PBXShellScriptBuildPhase;
			buildActionMask = 2147483647;
			files = (
			);
			inputFileListPaths = (
				"${PODS_ROOT}/Target Support Files/Pods-Parstagram-ParstagramUITests/Pods-Parstagram-ParstagramUITests-frameworks-${CONFIGURATION}-input-files.xcfilelist",
			);
			name = "[CP] Embed Pods Frameworks";
			outputFileListPaths = (
				"${PODS_ROOT}/Target Support Files/Pods-Parstagram-ParstagramUITests/Pods-Parstagram-ParstagramUITests-frameworks-${CONFIGURATION}-output-files.xcfilelist",
			);
			runOnlyForDeploymentPostprocessing = 0;
			shellPath = /bin/sh;
			shellScript = "\"${PODS_ROOT}/Target Support Files/Pods-Parstagram-ParstagramUITests/Pods-Parstagram-ParstagramUITests-frameworks.sh\"\n";
			showEnvVarsInLog = 0;
		};
		CCF6DB7C5C64AD9CFA43A878 /* [CP] Check Pods Manifest.lock */ = {
			isa = PBXShellScriptBuildPhase;
			buildActionMask = 2147483647;
			files = (
			);
			inputFileListPaths = (
			);
			inputPaths = (
				"${PODS_PODFILE_DIR_PATH}/Podfile.lock",
				"${PODS_ROOT}/Manifest.lock",
			);
			name = "[CP] Check Pods Manifest.lock";
			outputFileListPaths = (
			);
			outputPaths = (
				"$(DERIVED_FILE_DIR)/Pods-Parstagram-ParstagramUITests-checkManifestLockResult.txt",
			);
			runOnlyForDeploymentPostprocessing = 0;
			shellPath = /bin/sh;
			shellScript = "diff \"${PODS_PODFILE_DIR_PATH}/Podfile.lock\" \"${PODS_ROOT}/Manifest.lock\" > /dev/null\nif [ $? != 0 ] ; then\n    # print error to STDERR\n    echo \"error: The sandbox is not in sync with the Podfile.lock. Run 'pod install' or update your CocoaPods installation.\" >&2\n    exit 1\nfi\n# This output is used by Xcode 'outputs' to avoid re-running this script phase.\necho \"SUCCESS\" > \"${SCRIPT_OUTPUT_FILE_0}\"\n";
			showEnvVarsInLog = 0;
		};
		EF1D55F404EFDFEE9114D28F /* [CP] Embed Pods Frameworks */ = {
			isa = PBXShellScriptBuildPhase;
			buildActionMask = 2147483647;
			files = (
			);
			inputFileListPaths = (
				"${PODS_ROOT}/Target Support Files/Pods-Parstagram/Pods-Parstagram-frameworks-${CONFIGURATION}-input-files.xcfilelist",
			);
			name = "[CP] Embed Pods Frameworks";
			outputFileListPaths = (
				"${PODS_ROOT}/Target Support Files/Pods-Parstagram/Pods-Parstagram-frameworks-${CONFIGURATION}-output-files.xcfilelist",
			);
			runOnlyForDeploymentPostprocessing = 0;
			shellPath = /bin/sh;
			shellScript = "\"${PODS_ROOT}/Target Support Files/Pods-Parstagram/Pods-Parstagram-frameworks.sh\"\n";
			showEnvVarsInLog = 0;
		};
/* End PBXShellScriptBuildPhase section */

/* Begin PBXSourcesBuildPhase section */
		EA4B2A5F2605696A0068C080 /* Sources */ = {
			isa = PBXSourcesBuildPhase;
			buildActionMask = 2147483647;
			files = (
				EA4B2AA626057B440068C080 /* LoginViewController.swift in Sources */,
				EA4B2AB0260589F60068C080 /* CameraViewController.swift in Sources */,
				EA4B2A672605696A0068C080 /* AppDelegate.swift in Sources */,
				EA4B2AAB26057BD90068C080 /* FeedViewController.swift in Sources */,
				EA4B2A692605696A0068C080 /* SceneDelegate.swift in Sources */,
				EA4B2AC02605AA9D0068C080 /* PostCell.swift in Sources */,
				EA442B79260EE03800DBD473 /* CommentCell.swift in Sources */,
			);
			runOnlyForDeploymentPostprocessing = 0;
		};
		EA4B2A752605696C0068C080 /* Sources */ = {
			isa = PBXSourcesBuildPhase;
			buildActionMask = 2147483647;
			files = (
				EA4B2A7E2605696C0068C080 /* ParstagramTests.swift in Sources */,
			);
			runOnlyForDeploymentPostprocessing = 0;
		};
		EA4B2A802605696C0068C080 /* Sources */ = {
			isa = PBXSourcesBuildPhase;
			buildActionMask = 2147483647;
			files = (
				EA4B2A892605696C0068C080 /* ParstagramUITests.swift in Sources */,
			);
			runOnlyForDeploymentPostprocessing = 0;
		};
/* End PBXSourcesBuildPhase section */

/* Begin PBXTargetDependency section */
		EA4B2A7B2605696C0068C080 /* PBXTargetDependency */ = {
			isa = PBXTargetDependency;
			target = EA4B2A622605696A0068C080 /* Parstagram */;
			targetProxy = EA4B2A7A2605696C0068C080 /* PBXContainerItemProxy */;
		};
		EA4B2A862605696C0068C080 /* PBXTargetDependency */ = {
			isa = PBXTargetDependency;
			target = EA4B2A622605696A0068C080 /* Parstagram */;
			targetProxy = EA4B2A852605696C0068C080 /* PBXContainerItemProxy */;
		};
/* End PBXTargetDependency section */

/* Begin PBXVariantGroup section */
		EA4B2A6C2605696A0068C080 /* Main.storyboard */ = {
			isa = PBXVariantGroup;
			children = (
				EA4B2A6D2605696A0068C080 /* Base */,
			);
			name = Main.storyboard;
			sourceTree = "<group>";
		};
		EA4B2A712605696C0068C080 /* LaunchScreen.storyboard */ = {
			isa = PBXVariantGroup;
			children = (
				EA4B2A722605696C0068C080 /* Base */,
			);
			name = LaunchScreen.storyboard;
			sourceTree = "<group>";
		};
/* End PBXVariantGroup section */

/* Begin XCBuildConfiguration section */
		EA4B2A8B2605696C0068C080 /* Debug */ = {
			isa = XCBuildConfiguration;
			buildSettings = {
				ALWAYS_SEARCH_USER_PATHS = NO;
				CLANG_ANALYZER_NONNULL = YES;
				CLANG_ANALYZER_NUMBER_OBJECT_CONVERSION = YES_AGGRESSIVE;
				CLANG_CXX_LANGUAGE_STANDARD = "gnu++14";
				CLANG_CXX_LIBRARY = "libc++";
				CLANG_ENABLE_MODULES = YES;
				CLANG_ENABLE_OBJC_ARC = YES;
				CLANG_ENABLE_OBJC_WEAK = YES;
				CLANG_WARN_BLOCK_CAPTURE_AUTORELEASING = YES;
				CLANG_WARN_BOOL_CONVERSION = YES;
				CLANG_WARN_COMMA = YES;
				CLANG_WARN_CONSTANT_CONVERSION = YES;
				CLANG_WARN_DEPRECATED_OBJC_IMPLEMENTATIONS = YES;
				CLANG_WARN_DIRECT_OBJC_ISA_USAGE = YES_ERROR;
				CLANG_WARN_DOCUMENTATION_COMMENTS = YES;
				CLANG_WARN_EMPTY_BODY = YES;
				CLANG_WARN_ENUM_CONVERSION = YES;
				CLANG_WARN_INFINITE_RECURSION = YES;
				CLANG_WARN_INT_CONVERSION = YES;
				CLANG_WARN_NON_LITERAL_NULL_CONVERSION = YES;
				CLANG_WARN_OBJC_IMPLICIT_RETAIN_SELF = YES;
				CLANG_WARN_OBJC_LITERAL_CONVERSION = YES;
				CLANG_WARN_OBJC_ROOT_CLASS = YES_ERROR;
				CLANG_WARN_QUOTED_INCLUDE_IN_FRAMEWORK_HEADER = YES;
				CLANG_WARN_RANGE_LOOP_ANALYSIS = YES;
				CLANG_WARN_STRICT_PROTOTYPES = YES;
				CLANG_WARN_SUSPICIOUS_MOVE = YES;
				CLANG_WARN_UNGUARDED_AVAILABILITY = YES_AGGRESSIVE;
				CLANG_WARN_UNREACHABLE_CODE = YES;
				CLANG_WARN__DUPLICATE_METHOD_MATCH = YES;
				COPY_PHASE_STRIP = NO;
				DEBUG_INFORMATION_FORMAT = dwarf;
				ENABLE_STRICT_OBJC_MSGSEND = YES;
				ENABLE_TESTABILITY = YES;
				GCC_C_LANGUAGE_STANDARD = gnu11;
				GCC_DYNAMIC_NO_PIC = NO;
				GCC_NO_COMMON_BLOCKS = YES;
				GCC_OPTIMIZATION_LEVEL = 0;
				GCC_PREPROCESSOR_DEFINITIONS = (
					"DEBUG=1",
					"$(inherited)",
				);
				GCC_WARN_64_TO_32_BIT_CONVERSION = YES;
				GCC_WARN_ABOUT_RETURN_TYPE = YES_ERROR;
				GCC_WARN_UNDECLARED_SELECTOR = YES;
				GCC_WARN_UNINITIALIZED_AUTOS = YES_AGGRESSIVE;
				GCC_WARN_UNUSED_FUNCTION = YES;
				GCC_WARN_UNUSED_VARIABLE = YES;
				IPHONEOS_DEPLOYMENT_TARGET = 14.3;
				MTL_ENABLE_DEBUG_INFO = INCLUDE_SOURCE;
				MTL_FAST_MATH = YES;
				ONLY_ACTIVE_ARCH = YES;
				SDKROOT = iphoneos;
				SWIFT_ACTIVE_COMPILATION_CONDITIONS = DEBUG;
				SWIFT_OPTIMIZATION_LEVEL = "-Onone";
			};
			name = Debug;
		};
		EA4B2A8C2605696C0068C080 /* Release */ = {
			isa = XCBuildConfiguration;
			buildSettings = {
				ALWAYS_SEARCH_USER_PATHS = NO;
				CLANG_ANALYZER_NONNULL = YES;
				CLANG_ANALYZER_NUMBER_OBJECT_CONVERSION = YES_AGGRESSIVE;
				CLANG_CXX_LANGUAGE_STANDARD = "gnu++14";
				CLANG_CXX_LIBRARY = "libc++";
				CLANG_ENABLE_MODULES = YES;
				CLANG_ENABLE_OBJC_ARC = YES;
				CLANG_ENABLE_OBJC_WEAK = YES;
				CLANG_WARN_BLOCK_CAPTURE_AUTORELEASING = YES;
				CLANG_WARN_BOOL_CONVERSION = YES;
				CLANG_WARN_COMMA = YES;
				CLANG_WARN_CONSTANT_CONVERSION = YES;
				CLANG_WARN_DEPRECATED_OBJC_IMPLEMENTATIONS = YES;
				CLANG_WARN_DIRECT_OBJC_ISA_USAGE = YES_ERROR;
				CLANG_WARN_DOCUMENTATION_COMMENTS = YES;
				CLANG_WARN_EMPTY_BODY = YES;
				CLANG_WARN_ENUM_CONVERSION = YES;
				CLANG_WARN_INFINITE_RECURSION = YES;
				CLANG_WARN_INT_CONVERSION = YES;
				CLANG_WARN_NON_LITERAL_NULL_CONVERSION = YES;
				CLANG_WARN_OBJC_IMPLICIT_RETAIN_SELF = YES;
				CLANG_WARN_OBJC_LITERAL_CONVERSION = YES;
				CLANG_WARN_OBJC_ROOT_CLASS = YES_ERROR;
				CLANG_WARN_QUOTED_INCLUDE_IN_FRAMEWORK_HEADER = YES;
				CLANG_WARN_RANGE_LOOP_ANALYSIS = YES;
				CLANG_WARN_STRICT_PROTOTYPES = YES;
				CLANG_WARN_SUSPICIOUS_MOVE = YES;
				CLANG_WARN_UNGUARDED_AVAILABILITY = YES_AGGRESSIVE;
				CLANG_WARN_UNREACHABLE_CODE = YES;
				CLANG_WARN__DUPLICATE_METHOD_MATCH = YES;
				COPY_PHASE_STRIP = NO;
				DEBUG_INFORMATION_FORMAT = "dwarf-with-dsym";
				ENABLE_NS_ASSERTIONS = NO;
				ENABLE_STRICT_OBJC_MSGSEND = YES;
				GCC_C_LANGUAGE_STANDARD = gnu11;
				GCC_NO_COMMON_BLOCKS = YES;
				GCC_WARN_64_TO_32_BIT_CONVERSION = YES;
				GCC_WARN_ABOUT_RETURN_TYPE = YES_ERROR;
				GCC_WARN_UNDECLARED_SELECTOR = YES;
				GCC_WARN_UNINITIALIZED_AUTOS = YES_AGGRESSIVE;
				GCC_WARN_UNUSED_FUNCTION = YES;
				GCC_WARN_UNUSED_VARIABLE = YES;
				IPHONEOS_DEPLOYMENT_TARGET = 14.3;
				MTL_ENABLE_DEBUG_INFO = NO;
				MTL_FAST_MATH = YES;
				SDKROOT = iphoneos;
				SWIFT_COMPILATION_MODE = wholemodule;
				SWIFT_OPTIMIZATION_LEVEL = "-O";
				VALIDATE_PRODUCT = YES;
			};
			name = Release;
		};
		EA4B2A8E2605696C0068C080 /* Debug */ = {
			isa = XCBuildConfiguration;
			baseConfigurationReference = B7AD1969534DFB10BE090555 /* Pods-Parstagram.debug.xcconfig */;
			buildSettings = {
				ASSETCATALOG_COMPILER_APPICON_NAME = AppIcon;
				ASSETCATALOG_COMPILER_GLOBAL_ACCENT_COLOR_NAME = AccentColor;
				CODE_SIGN_STYLE = Automatic;
				INFOPLIST_FILE = Parstagram/Info.plist;
				LD_RUNPATH_SEARCH_PATHS = (
					"$(inherited)",
					"@executable_path/Frameworks",
				);
				PRODUCT_BUNDLE_IDENTIFIER = Tony.Parstagram;
				PRODUCT_NAME = "$(TARGET_NAME)";
				SWIFT_VERSION = 5.0;
				TARGETED_DEVICE_FAMILY = "1,2";
			};
			name = Debug;
		};
		EA4B2A8F2605696C0068C080 /* Release */ = {
			isa = XCBuildConfiguration;
			baseConfigurationReference = F10FE1660D7E785539395E72 /* Pods-Parstagram.release.xcconfig */;
			buildSettings = {
				ASSETCATALOG_COMPILER_APPICON_NAME = AppIcon;
				ASSETCATALOG_COMPILER_GLOBAL_ACCENT_COLOR_NAME = AccentColor;
				CODE_SIGN_STYLE = Automatic;
				INFOPLIST_FILE = Parstagram/Info.plist;
				LD_RUNPATH_SEARCH_PATHS = (
					"$(inherited)",
					"@executable_path/Frameworks",
				);
				PRODUCT_BUNDLE_IDENTIFIER = Tony.Parstagram;
				PRODUCT_NAME = "$(TARGET_NAME)";
				SWIFT_VERSION = 5.0;
				TARGETED_DEVICE_FAMILY = "1,2";
			};
			name = Release;
		};
		EA4B2A912605696C0068C080 /* Debug */ = {
			isa = XCBuildConfiguration;
			baseConfigurationReference = CC83854A178165F461AF0A3F /* Pods-ParstagramTests.debug.xcconfig */;
			buildSettings = {
				ALWAYS_EMBED_SWIFT_STANDARD_LIBRARIES = YES;
				BUNDLE_LOADER = "$(TEST_HOST)";
				CODE_SIGN_STYLE = Automatic;
				INFOPLIST_FILE = ParstagramTests/Info.plist;
				IPHONEOS_DEPLOYMENT_TARGET = 14.3;
				LD_RUNPATH_SEARCH_PATHS = (
					"$(inherited)",
					"@executable_path/Frameworks",
					"@loader_path/Frameworks",
				);
				PRODUCT_BUNDLE_IDENTIFIER = Tony.ParstagramTests;
				PRODUCT_NAME = "$(TARGET_NAME)";
				SWIFT_VERSION = 5.0;
				TARGETED_DEVICE_FAMILY = "1,2";
				TEST_HOST = "$(BUILT_PRODUCTS_DIR)/Parstagram.app/Parstagram";
			};
			name = Debug;
		};
		EA4B2A922605696C0068C080 /* Release */ = {
			isa = XCBuildConfiguration;
			baseConfigurationReference = 6D044208861168E20747E632 /* Pods-ParstagramTests.release.xcconfig */;
			buildSettings = {
				ALWAYS_EMBED_SWIFT_STANDARD_LIBRARIES = YES;
				BUNDLE_LOADER = "$(TEST_HOST)";
				CODE_SIGN_STYLE = Automatic;
				INFOPLIST_FILE = ParstagramTests/Info.plist;
				IPHONEOS_DEPLOYMENT_TARGET = 14.3;
				LD_RUNPATH_SEARCH_PATHS = (
					"$(inherited)",
					"@executable_path/Frameworks",
					"@loader_path/Frameworks",
				);
				PRODUCT_BUNDLE_IDENTIFIER = Tony.ParstagramTests;
				PRODUCT_NAME = "$(TARGET_NAME)";
				SWIFT_VERSION = 5.0;
				TARGETED_DEVICE_FAMILY = "1,2";
				TEST_HOST = "$(BUILT_PRODUCTS_DIR)/Parstagram.app/Parstagram";
			};
			name = Release;
		};
		EA4B2A942605696C0068C080 /* Debug */ = {
			isa = XCBuildConfiguration;
			baseConfigurationReference = FF2DD54CF03804E024045987 /* Pods-Parstagram-ParstagramUITests.debug.xcconfig */;
			buildSettings = {
				ALWAYS_EMBED_SWIFT_STANDARD_LIBRARIES = YES;
				CODE_SIGN_STYLE = Automatic;
				INFOPLIST_FILE = ParstagramUITests/Info.plist;
				LD_RUNPATH_SEARCH_PATHS = (
					"$(inherited)",
					"@executable_path/Frameworks",
					"@loader_path/Frameworks",
				);
				PRODUCT_BUNDLE_IDENTIFIER = Tony.ParstagramUITests;
				PRODUCT_NAME = "$(TARGET_NAME)";
				SWIFT_VERSION = 5.0;
				TARGETED_DEVICE_FAMILY = "1,2";
				TEST_TARGET_NAME = Parstagram;
			};
			name = Debug;
		};
		EA4B2A952605696C0068C080 /* Release */ = {
			isa = XCBuildConfiguration;
			baseConfigurationReference = ABB92741D553083564580F98 /* Pods-Parstagram-ParstagramUITests.release.xcconfig */;
			buildSettings = {
				ALWAYS_EMBED_SWIFT_STANDARD_LIBRARIES = YES;
				CODE_SIGN_STYLE = Automatic;
				INFOPLIST_FILE = ParstagramUITests/Info.plist;
				LD_RUNPATH_SEARCH_PATHS = (
					"$(inherited)",
					"@executable_path/Frameworks",
					"@loader_path/Frameworks",
				);
				PRODUCT_BUNDLE_IDENTIFIER = Tony.ParstagramUITests;
				PRODUCT_NAME = "$(TARGET_NAME)";
				SWIFT_VERSION = 5.0;
				TARGETED_DEVICE_FAMILY = "1,2";
				TEST_TARGET_NAME = Parstagram;
			};
			name = Release;
		};
/* End XCBuildConfiguration section */

/* Begin XCConfigurationList section */
		EA4B2A5E2605696A0068C080 /* Build configuration list for PBXProject "Parstagram" */ = {
			isa = XCConfigurationList;
			buildConfigurations = (
				EA4B2A8B2605696C0068C080 /* Debug */,
				EA4B2A8C2605696C0068C080 /* Release */,
			);
			defaultConfigurationIsVisible = 0;
			defaultConfigurationName = Release;
		};
		EA4B2A8D2605696C0068C080 /* Build configuration list for PBXNativeTarget "Parstagram" */ = {
			isa = XCConfigurationList;
			buildConfigurations = (
				EA4B2A8E2605696C0068C080 /* Debug */,
				EA4B2A8F2605696C0068C080 /* Release */,
			);
			defaultConfigurationIsVisible = 0;
			defaultConfigurationName = Release;
		};
		EA4B2A902605696C0068C080 /* Build configuration list for PBXNativeTarget "ParstagramTests" */ = {
			isa = XCConfigurationList;
			buildConfigurations = (
				EA4B2A912605696C0068C080 /* Debug */,
				EA4B2A922605696C0068C080 /* Release */,
			);
			defaultConfigurationIsVisible = 0;
			defaultConfigurationName = Release;
		};
		EA4B2A932605696C0068C080 /* Build configuration list for PBXNativeTarget "ParstagramUITests" */ = {
			isa = XCConfigurationList;
			buildConfigurations = (
				EA4B2A942605696C0068C080 /* Debug */,
				EA4B2A952605696C0068C080 /* Release */,
			);
			defaultConfigurationIsVisible = 0;
			defaultConfigurationName = Release;
		};
/* End XCConfigurationList section */
	};
	rootObject = EA4B2A5B2605696A0068C080 /* Project object */;
}
